// !$*UTF8*$!
{
	archiveVersion = 1;
	classes = {
	};
	objectVersion = 55;
	objects = {

/* Begin PBXBuildFile section */
		790E120628216387008D1D2A /* CranMarketApp.swift in Sources */ = {isa = PBXBuildFile; fileRef = 790E120528216387008D1D2A /* CranMarketApp.swift */; };
		790E120828216387008D1D2A /* LogInAneSignUpView.swift in Sources */ = {isa = PBXBuildFile; fileRef = 790E120728216387008D1D2A /* LogInAneSignUpView.swift */; };
		790E120A28216389008D1D2A /* Assets.xcassets in Resources */ = {isa = PBXBuildFile; fileRef = 790E120928216389008D1D2A /* Assets.xcassets */; };
		790E120D28216389008D1D2A /* Preview Assets.xcassets in Resources */ = {isa = PBXBuildFile; fileRef = 790E120C28216389008D1D2A /* Preview Assets.xcassets */; };
		790E121A282164AE008D1D2A /* FirebaseAuth in Frameworks */ = {isa = PBXBuildFile; productRef = 790E1219282164AE008D1D2A /* FirebaseAuth */; };
		790E121C282164AE008D1D2A /* FirebaseFirestore in Frameworks */ = {isa = PBXBuildFile; productRef = 790E121B282164AE008D1D2A /* FirebaseFirestore */; };
		790E121E282164AE008D1D2A /* FirebaseFirestoreSwift-Beta in Frameworks */ = {isa = PBXBuildFile; productRef = 790E121D282164AE008D1D2A /* FirebaseFirestoreSwift-Beta */; };
		790E1220282164AE008D1D2A /* FirebaseStorage in Frameworks */ = {isa = PBXBuildFile; productRef = 790E121F282164AE008D1D2A /* FirebaseStorage */; };
		790E1222282164AE008D1D2A /* FirebaseStorageSwift-Beta in Frameworks */ = {isa = PBXBuildFile; productRef = 790E1221282164AE008D1D2A /* FirebaseStorageSwift-Beta */; };
		790E12252821652E008D1D2A /* GoogleSignIn in Frameworks */ = {isa = PBXBuildFile; productRef = 790E12242821652E008D1D2A /* GoogleSignIn */; };
		790E12272821652E008D1D2A /* GoogleSignInSwift in Frameworks */ = {isa = PBXBuildFile; productRef = 790E12262821652E008D1D2A /* GoogleSignInSwift */; };
		790E122B28216558008D1D2A /* GoogleService-Info.plist in Resources */ = {isa = PBXBuildFile; fileRef = 790E122A28216558008D1D2A /* GoogleService-Info.plist */; };
		790E123928217B89008D1D2A /* GoogleSignIn.swift in Sources */ = {isa = PBXBuildFile; fileRef = 790E123828217B89008D1D2A /* GoogleSignIn.swift */; };
		790E123B28217CA7008D1D2A /* AuthService.swift in Sources */ = {isa = PBXBuildFile; fileRef = 790E123A28217CA7008D1D2A /* AuthService.swift */; };
		790E123E28217F74008D1D2A /* SignUpWithEmailView.swift in Sources */ = {isa = PBXBuildFile; fileRef = 790E123D28217F74008D1D2A /* SignUpWithEmailView.swift */; };
		790E12402821860E008D1D2A /* MainView.swift in Sources */ = {isa = PBXBuildFile; fileRef = 790E123F2821860E008D1D2A /* MainView.swift */; };
		790E124228218683008D1D2A /* FeedView.swift in Sources */ = {isa = PBXBuildFile; fileRef = 790E124128218683008D1D2A /* FeedView.swift */; };
		790E12442821BA4C008D1D2A /* FeedViewModel.swift in Sources */ = {isa = PBXBuildFile; fileRef = 790E12432821BA4C008D1D2A /* FeedViewModel.swift */; };
		790E12462821BA68008D1D2A /* ItemModel.swift in Sources */ = {isa = PBXBuildFile; fileRef = 790E12452821BA68008D1D2A /* ItemModel.swift */; };
		790E124A2821C115008D1D2A /* SignInWithEmailView.swift in Sources */ = {isa = PBXBuildFile; fileRef = 790E12492821C115008D1D2A /* SignInWithEmailView.swift */; };
		790E124C2821C203008D1D2A /* PostView.swift in Sources */ = {isa = PBXBuildFile; fileRef = 790E124B2821C203008D1D2A /* PostView.swift */; };
		792123A12836B833003999DC /* SavedPostView.swift in Sources */ = {isa = PBXBuildFile; fileRef = 792123A02836B833003999DC /* SavedPostView.swift */; };
		792123A32836BE1C003999DC /* MyListingView.swift in Sources */ = {isa = PBXBuildFile; fileRef = 792123A22836BE1C003999DC /* MyListingView.swift */; };
		798143A62822BEEA007B2448 /* UploadView.swift in Sources */ = {isa = PBXBuildFile; fileRef = 798143A52822BEEA007B2448 /* UploadView.swift */; };
		79DC4A402822D0BF005C7212 /* ImagePicker.swift in Sources */ = {isa = PBXBuildFile; fileRef = 79DC4A3F2822D0BF005C7212 /* ImagePicker.swift */; };
		79DC4A45282313E1005C7212 /* UploadViewModel.swift in Sources */ = {isa = PBXBuildFile; fileRef = 79DC4A44282313E1005C7212 /* UploadViewModel.swift */; };
		79DC4A472823F92E005C7212 /* ProfileView.swift in Sources */ = {isa = PBXBuildFile; fileRef = 79DC4A462823F92E005C7212 /* ProfileView.swift */; };
		79DC4A4D28240272005C7212 /* UserModel.swift in Sources */ = {isa = PBXBuildFile; fileRef = 79DC4A4C28240272005C7212 /* UserModel.swift */; };
		79DC4A4F2824044D005C7212 /* SignUpWithEmailViewModel.swift in Sources */ = {isa = PBXBuildFile; fileRef = 79DC4A4E2824044D005C7212 /* SignUpWithEmailViewModel.swift */; };
		79DC4A51282405C9005C7212 /* SavedItemView.swift in Sources */ = {isa = PBXBuildFile; fileRef = 79DC4A50282405C9005C7212 /* SavedItemView.swift */; };
		79DC4A5328242C6D005C7212 /* OneImagePicker.swift in Sources */ = {isa = PBXBuildFile; fileRef = 79DC4A5228242C6D005C7212 /* OneImagePicker.swift */; };
		79DC4A5528243D1B005C7212 /* ProfileViewModel.swift in Sources */ = {isa = PBXBuildFile; fileRef = 79DC4A5428243D1B005C7212 /* ProfileViewModel.swift */; };
		79F7BFE8282B108800EAF1C8 /* Kingfisher in Frameworks */ = {isa = PBXBuildFile; productRef = 79F7BFE7282B108800EAF1C8 /* Kingfisher */; };
		79FD7B73283289D30006C068 /* DescriptionView.swift in Sources */ = {isa = PBXBuildFile; fileRef = 79FD7B72283289D30006C068 /* DescriptionView.swift */; };
/* End PBXBuildFile section */

/* Begin PBXFileReference section */
		790E120228216387008D1D2A /* CranMarket.app */ = {isa = PBXFileReference; explicitFileType = wrapper.application; includeInIndex = 0; path = CranMarket.app; sourceTree = BUILT_PRODUCTS_DIR; };
		790E120528216387008D1D2A /* CranMarketApp.swift */ = {isa = PBXFileReference; lastKnownFileType = sourcecode.swift; path = CranMarketApp.swift; sourceTree = "<group>"; };
		790E120728216387008D1D2A /* LogInAneSignUpView.swift */ = {isa = PBXFileReference; lastKnownFileType = sourcecode.swift; path = LogInAneSignUpView.swift; sourceTree = "<group>"; };
		790E120928216389008D1D2A /* Assets.xcassets */ = {isa = PBXFileReference; lastKnownFileType = folder.assetcatalog; path = Assets.xcassets; sourceTree = "<group>"; };
		790E120C28216389008D1D2A /* Preview Assets.xcassets */ = {isa = PBXFileReference; lastKnownFileType = folder.assetcatalog; path = "Preview Assets.xcassets"; sourceTree = "<group>"; };
		790E122A28216558008D1D2A /* GoogleService-Info.plist */ = {isa = PBXFileReference; fileEncoding = 4; lastKnownFileType = text.plist.xml; path = "GoogleService-Info.plist"; sourceTree = "<group>"; };
		790E123228216A3A008D1D2A /* CranMarket.entitlements */ = {isa = PBXFileReference; lastKnownFileType = text.plist.entitlements; path = CranMarket.entitlements; sourceTree = "<group>"; };
		790E12352821760D008D1D2A /* Info.plist */ = {isa = PBXFileReference; lastKnownFileType = text.plist; path = Info.plist; sourceTree = "<group>"; };
		790E123828217B89008D1D2A /* GoogleSignIn.swift */ = {isa = PBXFileReference; lastKnownFileType = sourcecode.swift; path = GoogleSignIn.swift; sourceTree = "<group>"; };
		790E123A28217CA7008D1D2A /* AuthService.swift */ = {isa = PBXFileReference; lastKnownFileType = sourcecode.swift; path = AuthService.swift; sourceTree = "<group>"; };
		790E123D28217F74008D1D2A /* SignUpWithEmailView.swift */ = {isa = PBXFileReference; lastKnownFileType = sourcecode.swift; path = SignUpWithEmailView.swift; sourceTree = "<group>"; };
		790E123F2821860E008D1D2A /* MainView.swift */ = {isa = PBXFileReference; lastKnownFileType = sourcecode.swift; path = MainView.swift; sourceTree = "<group>"; };
		790E124128218683008D1D2A /* FeedView.swift */ = {isa = PBXFileReference; lastKnownFileType = sourcecode.swift; path = FeedView.swift; sourceTree = "<group>"; };
		790E12432821BA4C008D1D2A /* FeedViewModel.swift */ = {isa = PBXFileReference; lastKnownFileType = sourcecode.swift; path = FeedViewModel.swift; sourceTree = "<group>"; };
		790E12452821BA68008D1D2A /* ItemModel.swift */ = {isa = PBXFileReference; lastKnownFileType = sourcecode.swift; path = ItemModel.swift; sourceTree = "<group>"; };
		790E12492821C115008D1D2A /* SignInWithEmailView.swift */ = {isa = PBXFileReference; lastKnownFileType = sourcecode.swift; path = SignInWithEmailView.swift; sourceTree = "<group>"; };
		790E124B2821C203008D1D2A /* PostView.swift */ = {isa = PBXFileReference; lastKnownFileType = sourcecode.swift; path = PostView.swift; sourceTree = "<group>"; };
		792123A02836B833003999DC /* SavedPostView.swift */ = {isa = PBXFileReference; lastKnownFileType = sourcecode.swift; path = SavedPostView.swift; sourceTree = "<group>"; };
		792123A22836BE1C003999DC /* MyListingView.swift */ = {isa = PBXFileReference; lastKnownFileType = sourcecode.swift; path = MyListingView.swift; sourceTree = "<group>"; };
		798143A52822BEEA007B2448 /* UploadView.swift */ = {isa = PBXFileReference; lastKnownFileType = sourcecode.swift; path = UploadView.swift; sourceTree = "<group>"; };
		79DC4A3F2822D0BF005C7212 /* ImagePicker.swift */ = {isa = PBXFileReference; lastKnownFileType = sourcecode.swift; path = ImagePicker.swift; sourceTree = "<group>"; };
		79DC4A44282313E1005C7212 /* UploadViewModel.swift */ = {isa = PBXFileReference; lastKnownFileType = sourcecode.swift; path = UploadViewModel.swift; sourceTree = "<group>"; };
		79DC4A462823F92E005C7212 /* ProfileView.swift */ = {isa = PBXFileReference; lastKnownFileType = sourcecode.swift; path = ProfileView.swift; sourceTree = "<group>"; };
		79DC4A4C28240272005C7212 /* UserModel.swift */ = {isa = PBXFileReference; lastKnownFileType = sourcecode.swift; path = UserModel.swift; sourceTree = "<group>"; };
		79DC4A4E2824044D005C7212 /* SignUpWithEmailViewModel.swift */ = {isa = PBXFileReference; lastKnownFileType = sourcecode.swift; path = SignUpWithEmailViewModel.swift; sourceTree = "<group>"; };
		79DC4A50282405C9005C7212 /* SavedItemView.swift */ = {isa = PBXFileReference; lastKnownFileType = sourcecode.swift; path = SavedItemView.swift; sourceTree = "<group>"; };
		79DC4A5228242C6D005C7212 /* OneImagePicker.swift */ = {isa = PBXFileReference; lastKnownFileType = sourcecode.swift; path = OneImagePicker.swift; sourceTree = "<group>"; };
		79DC4A5428243D1B005C7212 /* ProfileViewModel.swift */ = {isa = PBXFileReference; lastKnownFileType = sourcecode.swift; path = ProfileViewModel.swift; sourceTree = "<group>"; };
		79FD7B72283289D30006C068 /* DescriptionView.swift */ = {isa = PBXFileReference; lastKnownFileType = sourcecode.swift; path = DescriptionView.swift; sourceTree = "<group>"; };
/* End PBXFileReference section */

/* Begin PBXFrameworksBuildPhase section */
		790E11FF28216387008D1D2A /* Frameworks */ = {
			isa = PBXFrameworksBuildPhase;
			buildActionMask = 2147483647;
			files = (
				790E1222282164AE008D1D2A /* FirebaseStorageSwift-Beta in Frameworks */,
				790E121E282164AE008D1D2A /* FirebaseFirestoreSwift-Beta in Frameworks */,
				790E12272821652E008D1D2A /* GoogleSignInSwift in Frameworks */,
				790E1220282164AE008D1D2A /* FirebaseStorage in Frameworks */,
				79F7BFE8282B108800EAF1C8 /* Kingfisher in Frameworks */,
				790E121A282164AE008D1D2A /* FirebaseAuth in Frameworks */,
				790E121C282164AE008D1D2A /* FirebaseFirestore in Frameworks */,
				790E12252821652E008D1D2A /* GoogleSignIn in Frameworks */,
			);
			runOnlyForDeploymentPostprocessing = 0;
		};
/* End PBXFrameworksBuildPhase section */

/* Begin PBXGroup section */
		790E11F928216387008D1D2A = {
			isa = PBXGroup;
			children = (
				790E122A28216558008D1D2A /* GoogleService-Info.plist */,
				790E120428216387008D1D2A /* CranMarket */,
				790E120328216387008D1D2A /* Products */,
			);
			sourceTree = "<group>";
		};
		790E120328216387008D1D2A /* Products */ = {
			isa = PBXGroup;
			children = (
				790E120228216387008D1D2A /* CranMarket.app */,
			);
			name = Products;
			sourceTree = "<group>";
		};
		790E120428216387008D1D2A /* CranMarket */ = {
			isa = PBXGroup;
			children = (
				790E12352821760D008D1D2A /* Info.plist */,
				790E123228216A3A008D1D2A /* CranMarket.entitlements */,
				790E120528216387008D1D2A /* CranMarketApp.swift */,
				790E124D2821C2EA008D1D2A /* extensions */,
				790E1213282163D6008D1D2A /* Views */,
				790E1217282163EB008D1D2A /* Utilities */,
				790E1216282163E5008D1D2A /* Services */,
				790E1215282163DD008D1D2A /* Models */,
				790E1214282163DA008D1D2A /* ViewModels */,
				790E120928216389008D1D2A /* Assets.xcassets */,
				790E120B28216389008D1D2A /* Preview Content */,
			);
			path = CranMarket;
			sourceTree = "<group>";
		};
		790E120B28216389008D1D2A /* Preview Content */ = {
			isa = PBXGroup;
			children = (
				790E120C28216389008D1D2A /* Preview Assets.xcassets */,
			);
			path = "Preview Content";
			sourceTree = "<group>";
		};
		790E1213282163D6008D1D2A /* Views */ = {
			isa = PBXGroup;
			children = (
				790E122D2821678A008D1D2A /* MainViews */,
				790E122C28216784008D1D2A /* SubViews */,
			);
			path = Views;
			sourceTree = "<group>";
		};
		790E1214282163DA008D1D2A /* ViewModels */ = {
			isa = PBXGroup;
			children = (
				79DC4A4E2824044D005C7212 /* SignUpWithEmailViewModel.swift */,
				79DC4A44282313E1005C7212 /* UploadViewModel.swift */,
				790E12432821BA4C008D1D2A /* FeedViewModel.swift */,
				79DC4A5428243D1B005C7212 /* ProfileViewModel.swift */,
			);
			path = ViewModels;
			sourceTree = "<group>";
		};
		790E1215282163DD008D1D2A /* Models */ = {
			isa = PBXGroup;
			children = (
				790E12452821BA68008D1D2A /* ItemModel.swift */,
				79DC4A4C28240272005C7212 /* UserModel.swift */,
			);
			path = Models;
			sourceTree = "<group>";
		};
		790E1216282163E5008D1D2A /* Services */ = {
			isa = PBXGroup;
			children = (
				790E123828217B89008D1D2A /* GoogleSignIn.swift */,
				790E123A28217CA7008D1D2A /* AuthService.swift */,
			);
			path = Services;
			sourceTree = "<group>";
		};
		790E1217282163EB008D1D2A /* Utilities */ = {
			isa = PBXGroup;
			children = (
				79DC4A3F2822D0BF005C7212 /* ImagePicker.swift */,
				79DC4A5228242C6D005C7212 /* OneImagePicker.swift */,
			);
			path = Utilities;
			sourceTree = "<group>";
		};
		790E122C28216784008D1D2A /* SubViews */ = {
			isa = PBXGroup;
			children = (
				790E123D28217F74008D1D2A /* SignUpWithEmailView.swift */,
				790E12492821C115008D1D2A /* SignInWithEmailView.swift */,
				79FD7B72283289D30006C068 /* DescriptionView.swift */,
				790E124B2821C203008D1D2A /* PostView.swift */,
				792123A02836B833003999DC /* SavedPostView.swift */,
				792123A22836BE1C003999DC /* MyListingView.swift */,
			);
			path = SubViews;
			sourceTree = "<group>";
		};
		790E122D2821678A008D1D2A /* MainViews */ = {
			isa = PBXGroup;
			children = (
				790E120728216387008D1D2A /* LogInAneSignUpView.swift */,
				790E123F2821860E008D1D2A /* MainView.swift */,
				790E124128218683008D1D2A /* FeedView.swift */,
				798143A52822BEEA007B2448 /* UploadView.swift */,
				79DC4A462823F92E005C7212 /* ProfileView.swift */,
				79DC4A50282405C9005C7212 /* SavedItemView.swift */,
			);
			path = MainViews;
			sourceTree = "<group>";
		};
		790E124D2821C2EA008D1D2A /* extensions */ = {
			isa = PBXGroup;
			children = (
			);
			path = extensions;
			sourceTree = "<group>";
		};
/* End PBXGroup section */

/* Begin PBXNativeTarget section */
		790E120128216387008D1D2A /* CranMarket */ = {
			isa = PBXNativeTarget;
			buildConfigurationList = 790E121028216389008D1D2A /* Build configuration list for PBXNativeTarget "CranMarket" */;
			buildPhases = (
				790E11FE28216387008D1D2A /* Sources */,
				790E11FF28216387008D1D2A /* Frameworks */,
				790E120028216387008D1D2A /* Resources */,
			);
			buildRules = (
			);
			dependencies = (
			);
			name = CranMarket;
			packageProductDependencies = (
				790E1219282164AE008D1D2A /* FirebaseAuth */,
				790E121B282164AE008D1D2A /* FirebaseFirestore */,
				790E121D282164AE008D1D2A /* FirebaseFirestoreSwift-Beta */,
				790E121F282164AE008D1D2A /* FirebaseStorage */,
				790E1221282164AE008D1D2A /* FirebaseStorageSwift-Beta */,
				790E12242821652E008D1D2A /* GoogleSignIn */,
				790E12262821652E008D1D2A /* GoogleSignInSwift */,
				79F7BFE7282B108800EAF1C8 /* Kingfisher */,
			);
			productName = CranMarket;
			productReference = 790E120228216387008D1D2A /* CranMarket.app */;
			productType = "com.apple.product-type.application";
		};
/* End PBXNativeTarget section */

/* Begin PBXProject section */
		790E11FA28216387008D1D2A /* Project object */ = {
			isa = PBXProject;
			attributes = {
				BuildIndependentTargetsInParallel = 1;
				LastSwiftUpdateCheck = 1330;
				LastUpgradeCheck = 1330;
				TargetAttributes = {
					790E120128216387008D1D2A = {
						CreatedOnToolsVersion = 13.3.1;
					};
				};
			};
			buildConfigurationList = 790E11FD28216387008D1D2A /* Build configuration list for PBXProject "CranMarket" */;
			compatibilityVersion = "Xcode 13.0";
			developmentRegion = en;
			hasScannedForEncodings = 0;
			knownRegions = (
				en,
				Base,
			);
			mainGroup = 790E11F928216387008D1D2A;
			packageReferences = (
				790E1218282164AE008D1D2A /* XCRemoteSwiftPackageReference "firebase-ios-sdk" */,
				790E12232821652E008D1D2A /* XCRemoteSwiftPackageReference "GoogleSignIn-iOS" */,
				79FADB78282B0CBF00403539 /* XCRemoteSwiftPackageReference "Kingfisher" */,
				79F7BFE6282B108800EAF1C8 /* XCRemoteSwiftPackageReference "Kingfisher" */,
			);
			productRefGroup = 790E120328216387008D1D2A /* Products */;
			projectDirPath = "";
			projectRoot = "";
			targets = (
				790E120128216387008D1D2A /* CranMarket */,
			);
		};
/* End PBXProject section */

/* Begin PBXResourcesBuildPhase section */
		790E120028216387008D1D2A /* Resources */ = {
			isa = PBXResourcesBuildPhase;
			buildActionMask = 2147483647;
			files = (
				790E120D28216389008D1D2A /* Preview Assets.xcassets in Resources */,
				790E120A28216389008D1D2A /* Assets.xcassets in Resources */,
				790E122B28216558008D1D2A /* GoogleService-Info.plist in Resources */,
			);
			runOnlyForDeploymentPostprocessing = 0;
		};
/* End PBXResourcesBuildPhase section */

/* Begin PBXSourcesBuildPhase section */
		790E11FE28216387008D1D2A /* Sources */ = {
			isa = PBXSourcesBuildPhase;
			buildActionMask = 2147483647;
			files = (
				79DC4A402822D0BF005C7212 /* ImagePicker.swift in Sources */,
				790E124228218683008D1D2A /* FeedView.swift in Sources */,
				792123A12836B833003999DC /* SavedPostView.swift in Sources */,
				790E12462821BA68008D1D2A /* ItemModel.swift in Sources */,
				79DC4A4F2824044D005C7212 /* SignUpWithEmailViewModel.swift in Sources */,
				790E120828216387008D1D2A /* LogInAneSignUpView.swift in Sources */,
				798143A62822BEEA007B2448 /* UploadView.swift in Sources */,
				79DC4A5528243D1B005C7212 /* ProfileViewModel.swift in Sources */,
				79DC4A45282313E1005C7212 /* UploadViewModel.swift in Sources */,
				790E124A2821C115008D1D2A /* SignInWithEmailView.swift in Sources */,
				79DC4A472823F92E005C7212 /* ProfileView.swift in Sources */,
				790E123E28217F74008D1D2A /* SignUpWithEmailView.swift in Sources */,
				790E123928217B89008D1D2A /* GoogleSignIn.swift in Sources */,
				790E120628216387008D1D2A /* CranMarketApp.swift in Sources */,
				790E12402821860E008D1D2A /* MainView.swift in Sources */,
				79DC4A51282405C9005C7212 /* SavedItemView.swift in Sources */,
				79FD7B73283289D30006C068 /* DescriptionView.swift in Sources */,
				790E12442821BA4C008D1D2A /* FeedViewModel.swift in Sources */,
				790E123B28217CA7008D1D2A /* AuthService.swift in Sources */,
				79DC4A4D28240272005C7212 /* UserModel.swift in Sources */,
				792123A32836BE1C003999DC /* MyListingView.swift in Sources */,
				79DC4A5328242C6D005C7212 /* OneImagePicker.swift in Sources */,
				790E124C2821C203008D1D2A /* PostView.swift in Sources */,
			);
			runOnlyForDeploymentPostprocessing = 0;
		};
/* End PBXSourcesBuildPhase section */

/* Begin XCBuildConfiguration section */
		790E120E28216389008D1D2A /* Debug */ = {
			isa = XCBuildConfiguration;
			buildSettings = {
				ALWAYS_SEARCH_USER_PATHS = NO;
				CLANG_ANALYZER_NONNULL = YES;
				CLANG_ANALYZER_NUMBER_OBJECT_CONVERSION = YES_AGGRESSIVE;
				CLANG_CXX_LANGUAGE_STANDARD = "gnu++17";
				CLANG_ENABLE_MODULES = YES;
				CLANG_ENABLE_OBJC_ARC = YES;
				CLANG_ENABLE_OBJC_WEAK = YES;
				CLANG_WARN_BLOCK_CAPTURE_AUTORELEASING = YES;
				CLANG_WARN_BOOL_CONVERSION = YES;
				CLANG_WARN_COMMA = YES;
				CLANG_WARN_CONSTANT_CONVERSION = YES;
				CLANG_WARN_DEPRECATED_OBJC_IMPLEMENTATIONS = YES;
				CLANG_WARN_DIRECT_OBJC_ISA_USAGE = YES_ERROR;
				CLANG_WARN_DOCUMENTATION_COMMENTS = YES;
				CLANG_WARN_EMPTY_BODY = YES;
				CLANG_WARN_ENUM_CONVERSION = YES;
				CLANG_WARN_INFINITE_RECURSION = YES;
				CLANG_WARN_INT_CONVERSION = YES;
				CLANG_WARN_NON_LITERAL_NULL_CONVERSION = YES;
				CLANG_WARN_OBJC_IMPLICIT_RETAIN_SELF = YES;
				CLANG_WARN_OBJC_LITERAL_CONVERSION = YES;
				CLANG_WARN_OBJC_ROOT_CLASS = YES_ERROR;
				CLANG_WARN_QUOTED_INCLUDE_IN_FRAMEWORK_HEADER = YES;
				CLANG_WARN_RANGE_LOOP_ANALYSIS = YES;
				CLANG_WARN_STRICT_PROTOTYPES = YES;
				CLANG_WARN_SUSPICIOUS_MOVE = YES;
				CLANG_WARN_UNGUARDED_AVAILABILITY = YES_AGGRESSIVE;
				CLANG_WARN_UNREACHABLE_CODE = YES;
				CLANG_WARN__DUPLICATE_METHOD_MATCH = YES;
				COPY_PHASE_STRIP = NO;
				DEBUG_INFORMATION_FORMAT = dwarf;
				ENABLE_STRICT_OBJC_MSGSEND = YES;
				ENABLE_TESTABILITY = YES;
				GCC_C_LANGUAGE_STANDARD = gnu11;
				GCC_DYNAMIC_NO_PIC = NO;
				GCC_NO_COMMON_BLOCKS = YES;
				GCC_OPTIMIZATION_LEVEL = 0;
				GCC_PREPROCESSOR_DEFINITIONS = (
					"DEBUG=1",
					"$(inherited)",
				);
				GCC_WARN_64_TO_32_BIT_CONVERSION = YES;
				GCC_WARN_ABOUT_RETURN_TYPE = YES_ERROR;
				GCC_WARN_UNDECLARED_SELECTOR = YES;
				GCC_WARN_UNINITIALIZED_AUTOS = YES_AGGRESSIVE;
				GCC_WARN_UNUSED_FUNCTION = YES;
				GCC_WARN_UNUSED_VARIABLE = YES;
				IPHONEOS_DEPLOYMENT_TARGET = 15.4;
				MTL_ENABLE_DEBUG_INFO = INCLUDE_SOURCE;
				MTL_FAST_MATH = YES;
				ONLY_ACTIVE_ARCH = YES;
				SDKROOT = iphoneos;
				SWIFT_ACTIVE_COMPILATION_CONDITIONS = DEBUG;
				SWIFT_OPTIMIZATION_LEVEL = "-Onone";
			};
			name = Debug;
		};
		790E120F28216389008D1D2A /* Release */ = {
			isa = XCBuildConfiguration;
			buildSettings = {
				ALWAYS_SEARCH_USER_PATHS = NO;
				CLANG_ANALYZER_NONNULL = YES;
				CLANG_ANALYZER_NUMBER_OBJECT_CONVERSION = YES_AGGRESSIVE;
				CLANG_CXX_LANGUAGE_STANDARD = "gnu++17";
				CLANG_ENABLE_MODULES = YES;
				CLANG_ENABLE_OBJC_ARC = YES;
				CLANG_ENABLE_OBJC_WEAK = YES;
				CLANG_WARN_BLOCK_CAPTURE_AUTORELEASING = YES;
				CLANG_WARN_BOOL_CONVERSION = YES;
				CLANG_WARN_COMMA = YES;
				CLANG_WARN_CONSTANT_CONVERSION = YES;
				CLANG_WARN_DEPRECATED_OBJC_IMPLEMENTATIONS = YES;
				CLANG_WARN_DIRECT_OBJC_ISA_USAGE = YES_ERROR;
				CLANG_WARN_DOCUMENTATION_COMMENTS = YES;
				CLANG_WARN_EMPTY_BODY = YES;
				CLANG_WARN_ENUM_CONVERSION = YES;
				CLANG_WARN_INFINITE_RECURSION = YES;
				CLANG_WARN_INT_CONVERSION = YES;
				CLANG_WARN_NON_LITERAL_NULL_CONVERSION = YES;
				CLANG_WARN_OBJC_IMPLICIT_RETAIN_SELF = YES;
				CLANG_WARN_OBJC_LITERAL_CONVERSION = YES;
				CLANG_WARN_OBJC_ROOT_CLASS = YES_ERROR;
				CLANG_WARN_QUOTED_INCLUDE_IN_FRAMEWORK_HEADER = YES;
				CLANG_WARN_RANGE_LOOP_ANALYSIS = YES;
				CLANG_WARN_STRICT_PROTOTYPES = YES;
				CLANG_WARN_SUSPICIOUS_MOVE = YES;
				CLANG_WARN_UNGUARDED_AVAILABILITY = YES_AGGRESSIVE;
				CLANG_WARN_UNREACHABLE_CODE = YES;
				CLANG_WARN__DUPLICATE_METHOD_MATCH = YES;
				COPY_PHASE_STRIP = NO;
				DEBUG_INFORMATION_FORMAT = "dwarf-with-dsym";
				ENABLE_NS_ASSERTIONS = NO;
				ENABLE_STRICT_OBJC_MSGSEND = YES;
				GCC_C_LANGUAGE_STANDARD = gnu11;
				GCC_NO_COMMON_BLOCKS = YES;
				GCC_WARN_64_TO_32_BIT_CONVERSION = YES;
				GCC_WARN_ABOUT_RETURN_TYPE = YES_ERROR;
				GCC_WARN_UNDECLARED_SELECTOR = YES;
				GCC_WARN_UNINITIALIZED_AUTOS = YES_AGGRESSIVE;
				GCC_WARN_UNUSED_FUNCTION = YES;
				GCC_WARN_UNUSED_VARIABLE = YES;
				IPHONEOS_DEPLOYMENT_TARGET = 15.4;
				MTL_ENABLE_DEBUG_INFO = NO;
				MTL_FAST_MATH = YES;
				SDKROOT = iphoneos;
				SWIFT_COMPILATION_MODE = wholemodule;
				SWIFT_OPTIMIZATION_LEVEL = "-O";
				VALIDATE_PRODUCT = YES;
			};
			name = Release;
		};
		790E121128216389008D1D2A /* Debug */ = {
			isa = XCBuildConfiguration;
			buildSettings = {
				ASSETCATALOG_COMPILER_APPICON_NAME = AppIcon;
				ASSETCATALOG_COMPILER_GLOBAL_ACCENT_COLOR_NAME = AccentColor;
				CODE_SIGN_ENTITLEMENTS = CranMarket/CranMarket.entitlements;
				CODE_SIGN_STYLE = Automatic;
				CURRENT_PROJECT_VERSION = 1;
				DEVELOPMENT_ASSET_PATHS = "\"CranMarket/Preview Content\"";
				DEVELOPMENT_TEAM = SRJSV34WBB;
				ENABLE_PREVIEWS = YES;
				GENERATE_INFOPLIST_FILE = YES;
				INFOPLIST_FILE = CranMarket/Info.plist;
				INFOPLIST_KEY_UIApplicationSceneManifest_Generation = YES;
				INFOPLIST_KEY_UIApplicationSupportsIndirectInputEvents = YES;
				INFOPLIST_KEY_UILaunchScreen_Generation = YES;
				INFOPLIST_KEY_UISupportedInterfaceOrientations_iPad = "UIInterfaceOrientationPortrait UIInterfaceOrientationPortraitUpsideDown UIInterfaceOrientationLandscapeLeft UIInterfaceOrientationLandscapeRight";
				INFOPLIST_KEY_UISupportedInterfaceOrientations_iPhone = "UIInterfaceOrientationPortrait UIInterfaceOrientationLandscapeLeft UIInterfaceOrientationLandscapeRight";
				LD_RUNPATH_SEARCH_PATHS = (
					"$(inherited)",
					"@executable_path/Frameworks",
				);
				MARKETING_VERSION = 1.0;
				PRODUCT_BUNDLE_IDENTIFIER = devleeky16498.CranMarket;
				PRODUCT_NAME = "$(TARGET_NAME)";
				SWIFT_EMIT_LOC_STRINGS = YES;
				SWIFT_VERSION = 5.0;
				TARGETED_DEVICE_FAMILY = "1,2";
			};
			name = Debug;
		};
		790E121228216389008D1D2A /* Release */ = {
			isa = XCBuildConfiguration;
			buildSettings = {
				ASSETCATALOG_COMPILER_APPICON_NAME = AppIcon;
				ASSETCATALOG_COMPILER_GLOBAL_ACCENT_COLOR_NAME = AccentColor;
				CODE_SIGN_ENTITLEMENTS = CranMarket/CranMarket.entitlements;
				CODE_SIGN_STYLE = Automatic;
				CURRENT_PROJECT_VERSION = 1;
				DEVELOPMENT_ASSET_PATHS = "\"CranMarket/Preview Content\"";
				DEVELOPMENT_TEAM = SRJSV34WBB;
				ENABLE_PREVIEWS = YES;
				GENERATE_INFOPLIST_FILE = YES;
				INFOPLIST_FILE = CranMarket/Info.plist;
				INFOPLIST_KEY_UIApplicationSceneManifest_Generation = YES;
				INFOPLIST_KEY_UIApplicationSupportsIndirectInputEvents = YES;
				INFOPLIST_KEY_UILaunchScreen_Generation = YES;
				INFOPLIST_KEY_UISupportedInterfaceOrientations_iPad = "UIInterfaceOrientationPortrait UIInterfaceOrientationPortraitUpsideDown UIInterfaceOrientationLandscapeLeft UIInterfaceOrientationLandscapeRight";
				INFOPLIST_KEY_UISupportedInterfaceOrientations_iPhone = "UIInterfaceOrientationPortrait UIInterfaceOrientationLandscapeLeft UIInterfaceOrientationLandscapeRight";
				LD_RUNPATH_SEARCH_PATHS = (
					"$(inherited)",
					"@executable_path/Frameworks",
				);
				MARKETING_VERSION = 1.0;
				PRODUCT_BUNDLE_IDENTIFIER = devleeky16498.CranMarket;
				PRODUCT_NAME = "$(TARGET_NAME)";
				SWIFT_EMIT_LOC_STRINGS = YES;
				SWIFT_VERSION = 5.0;
				TARGETED_DEVICE_FAMILY = "1,2";
			};
			name = Release;
		};
/* End XCBuildConfiguration section */

/* Begin XCConfigurationList section */
		790E11FD28216387008D1D2A /* Build configuration list for PBXProject "CranMarket" */ = {
			isa = XCConfigurationList;
			buildConfigurations = (
				790E120E28216389008D1D2A /* Debug */,
				790E120F28216389008D1D2A /* Release */,
			);
			defaultConfigurationIsVisible = 0;
			defaultConfigurationName = Release;
		};
		790E121028216389008D1D2A /* Build configuration list for PBXNativeTarget "CranMarket" */ = {
			isa = XCConfigurationList;
			buildConfigurations = (
				790E121128216389008D1D2A /* Debug */,
				790E121228216389008D1D2A /* Release */,
			);
			defaultConfigurationIsVisible = 0;
			defaultConfigurationName = Release;
		};
/* End XCConfigurationList section */

/* Begin XCRemoteSwiftPackageReference section */
		790E1218282164AE008D1D2A /* XCRemoteSwiftPackageReference "firebase-ios-sdk" */ = {
			isa = XCRemoteSwiftPackageReference;
			repositoryURL = "https://github.com/firebase/firebase-ios-sdk";
			requirement = {
				kind = upToNextMajorVersion;
				minimumVersion = 8.0.0;
			};
		};
		790E12232821652E008D1D2A /* XCRemoteSwiftPackageReference "GoogleSignIn-iOS" */ = {
			isa = XCRemoteSwiftPackageReference;
			repositoryURL = "https://github.com/google/GoogleSignIn-iOS";
			requirement = {
				branch = main;
				kind = branch;
			};
		};
		79F7BFE6282B108800EAF1C8 /* XCRemoteSwiftPackageReference "Kingfisher" */ = {
			isa = XCRemoteSwiftPackageReference;
			repositoryURL = "https://github.com/onevcat/Kingfisher.git";
			requirement = {
				branch = master;
				kind = branch;
			};
		};
		79FADB78282B0CBF00403539 /* XCRemoteSwiftPackageReference "Kingfisher" */ = {
			isa = XCRemoteSwiftPackageReference;
			repositoryURL = "https://github.com/onevcat/Kingfisher.git";
			requirement = {
				branch = master;
				kind = branch;
			};
		};
/* End XCRemoteSwiftPackageReference section */

/* Begin XCSwiftPackageProductDependency section */
		790E1219282164AE008D1D2A /* FirebaseAuth */ = {
			isa = XCSwiftPackageProductDependency;
			package = 790E1218282164AE008D1D2A /* XCRemoteSwiftPackageReference "firebase-ios-sdk" */;
			productName = FirebaseAuth;
		};
		790E121B282164AE008D1D2A /* FirebaseFirestore */ = {
			isa = XCSwiftPackageProductDependency;
			package = 790E1218282164AE008D1D2A /* XCRemoteSwiftPackageReference "firebase-ios-sdk" */;
			productName = FirebaseFirestore;
		};
		790E121D282164AE008D1D2A /* FirebaseFirestoreSwift-Beta */ = {
			isa = XCSwiftPackageProductDependency;
			package = 790E1218282164AE008D1D2A /* XCRemoteSwiftPackageReference "firebase-ios-sdk" */;
			productName = "FirebaseFirestoreSwift-Beta";
		};
		790E121F282164AE008D1D2A /* FirebaseStorage */ = {
			isa = XCSwiftPackageProductDependency;
			package = 790E1218282164AE008D1D2A /* XCRemoteSwiftPackageReference "firebase-ios-sdk" */;
			productName = FirebaseStorage;
		};
		790E1221282164AE008D1D2A /* FirebaseStorageSwift-Beta */ = {
			isa = XCSwiftPackageProductDependency;
			package = 790E1218282164AE008D1D2A /* XCRemoteSwiftPackageReference "firebase-ios-sdk" */;
			productName = "FirebaseStorageSwift-Beta";
		};
		790E12242821652E008D1D2A /* GoogleSignIn */ = {
			isa = XCSwiftPackageProductDependency;
			package = 790E12232821652E008D1D2A /* XCRemoteSwiftPackageReference "GoogleSignIn-iOS" */;
			productName = GoogleSignIn;
		};
		790E12262821652E008D1D2A /* GoogleSignInSwift */ = {
			isa = XCSwiftPackageProductDependency;
			package = 790E12232821652E008D1D2A /* XCRemoteSwiftPackageReference "GoogleSignIn-iOS" */;
			productName = GoogleSignInSwift;
		};
		79F7BFE7282B108800EAF1C8 /* Kingfisher */ = {
			isa = XCSwiftPackageProductDependency;
			package = 79FADB78282B0CBF00403539 /* XCRemoteSwiftPackageReference "Kingfisher" */;
			productName = Kingfisher;
		};
/* End XCSwiftPackageProductDependency section */
	};
	rootObject = 790E11FA28216387008D1D2A /* Project object */;
}
